
Microsoft Visual Studio Solution File, Format Version 12.00
# Visual Studio Version 16
VisualStudioVersion = 16.0.32228.343
MinimumVisualStudioVersion = 10.0.40219.1
Project("{8BC9CEB8-8B4A-11D0-8D11-00A0C91BC942}") = "P8", "P8.vcxproj", "{827B7CE0-0842-443A-B973-D66CD72E37CD}"
EndProject
Global
	GlobalSection(SolutionConfigurationPlatforms) = preSolution
		Debug|x64 = Debug|x64
		Debug|x86 = Debug|x86
		Release|x64 = Release|x64
		Release|x86 = Release|x86
	EndGlobalSection
	GlobalSection(ProjectConfigurationPlatforms) = postSolution
		{827B7CE0-0842-443A-B973-D66CD72E37CD}.Debug|x64.ActiveCfg = Debug|x64
		{827B7CE0-0842-443A-B973-D66CD72E37CD}.Debug|x64.Build.0 = Debug|x64
		{827B7CE0-0842-443A-B973-D66CD72E37CD}.Debug|x86.ActiveCfg = Debug|Win32
		{827B7CE0-0842-443A-B973-D66CD72E37CD}.Debug|x86.Build.0 = Debug|Win32
		{827B7CE0-0842-443A-B973-D66CD72E37CD}.Release|x64.ActiveCfg = Release|x64
		{827B7CE0-0842-443A-B973-D66CD72E37CD}.Release|x64.Build.0 = Release|x64
		{827B7CE0-0842-443A-B973-D66CD72E37CD}.Release|x86.ActiveCfg = Release|Win32
		{827B7CE0-0842-443A-B973-D66CD72E37CD}.Release|x86.Build.0 = Release|Win32
	EndGlobalSection
	GlobalSection(SolutionProperties) = preSolution
		HideSolutionNode = FALSE
	EndGlobalSection
	GlobalSection(ExtensibilityGlobals) = postSolution
		SolutionGuid = {3CDE90EC-FB5D-4D9D-B349-60918DA53849}
	EndGlobalSection
EndGlobal
